
Microsoft Visual Studio Solution File, Format Version 12.00
# Visual Studio Version 16
VisualStudioVersion = 16.0.30523.141
MinimumVisualStudioVersion = 10.0.40219.1
Project("{FAE04EC0-301F-11D3-BF4B-00C04F79EFBC}") = "Hotel_Management_Systems", "Hotel_Management_Systems\Hotel_Management_Systems.csproj", "{98296080-F1A6-463C-8A1C-8073FBE49402}"
EndProject
Global
	GlobalSection(SolutionConfigurationPlatforms) = preSolution
		Debug|Any CPU = Debug|Any CPU
		Release|Any CPU = Release|Any CPU
	EndGlobalSection
	GlobalSection(ProjectConfigurationPlatforms) = postSolution
		{98296080-F1A6-463C-8A1C-8073FBE49402}.Debug|Any CPU.ActiveCfg = Debug|Any CPU
		{98296080-F1A6-463C-8A1C-8073FBE49402}.Debug|Any CPU.Build.0 = Debug|Any CPU
		{98296080-F1A6-463C-8A1C-8073FBE49402}.Release|Any CPU.ActiveCfg = Release|Any CPU
		{98296080-F1A6-463C-8A1C-8073FBE49402}.Release|Any CPU.Build.0 = Release|Any CPU
	EndGlobalSection
	GlobalSection(SolutionProperties) = preSolution
		HideSolutionNode = FALSE
	EndGlobalSection
	GlobalSection(ExtensibilityGlobals) = postSolution
		SolutionGuid = {A6552DD6-8BFA-497A-A20E-FCE88B5F886B}
	EndGlobalSection
EndGlobal
